
Microsoft Visual Studio Solution File, Format Version 12.00
# Visual Studio Version 17
VisualStudioVersion = 17.2.32616.157
MinimumVisualStudioVersion = 10.0.40219.1
Project("{FAE04EC0-301F-11D3-BF4B-00C04F79EFBC}") = "BlogMVC", "BlogMVC\BlogMVC.csproj", "{48663C2F-4EB4-45AA-951C-4CAAB412E41B}"
EndProject
Global
	GlobalSection(SolutionConfigurationPlatforms) = preSolution
		Debug|Any CPU = Debug|Any CPU
		Release|Any CPU = Release|Any CPU
	EndGlobalSection
	GlobalSection(ProjectConfigurationPlatforms) = postSolution
		{48663C2F-4EB4-45AA-951C-4CAAB412E41B}.Debug|Any CPU.ActiveCfg = Debug|Any CPU
		{48663C2F-4EB4-45AA-951C-4CAAB412E41B}.Debug|Any CPU.Build.0 = Debug|Any CPU
		{48663C2F-4EB4-45AA-951C-4CAAB412E41B}.Release|Any CPU.ActiveCfg = Release|Any CPU
		{48663C2F-4EB4-45AA-951C-4CAAB412E41B}.Release|Any CPU.Build.0 = Release|Any CPU
	EndGlobalSection
	GlobalSection(SolutionProperties) = preSolution
		HideSolutionNode = FALSE
	EndGlobalSection
	GlobalSection(ExtensibilityGlobals) = postSolution
		SolutionGuid = {BFF5DFFB-0754-4397-945E-7BCD1595BE29}
	EndGlobalSection
EndGlobal
